
Microsoft Visual Studio Solution File, Format Version 11.00
# Visual Studio 2010
Project("{FAE04EC0-301F-11D3-BF4B-00C04F79EFBC}") = "Assembly-CSharp", "Assembly-CSharp.csproj", "{257b0372-9fcc-9251-19f3-de032fe7148b}"
EndProject
Project("{FAE04EC0-301F-11D3-BF4B-00C04F79EFBC}") = "NavMeshComponentsExamples", "NavMeshComponentsExamples.csproj", "{5c913121-569d-edcb-e181-51dc5f731111}"
EndProject
Project("{FAE04EC0-301F-11D3-BF4B-00C04F79EFBC}") = "NavMeshComponentsTestsPlaymode", "NavMeshComponentsTestsPlaymode.csproj", "{bd7e2019-1d16-babb-eeaf-34a08ffe722b}"
EndProject
Project("{FAE04EC0-301F-11D3-BF4B-00C04F79EFBC}") = "NavMeshComponents", "NavMeshComponents.csproj", "{91e60a6b-ae89-38a9-7b84-85e26611d0c4}"
EndProject
Project("{FAE04EC0-301F-11D3-BF4B-00C04F79EFBC}") = "NavMeshComponentsEditor", "NavMeshComponentsEditor.csproj", "{c42475ed-acd0-02d7-532c-d77030645e21}"
EndProject
Project("{FAE04EC0-301F-11D3-BF4B-00C04F79EFBC}") = "NavMeshComponentsTestsEditmode", "NavMeshComponentsTestsEditmode.csproj", "{d0469639-8f5e-2040-53f7-1c9e45f5d8c3}"
EndProject
Project("{FAE04EC0-301F-11D3-BF4B-00C04F79EFBC}") = "NavMeshComponentsExamplesEditor", "NavMeshComponentsExamplesEditor.csproj", "{db7e8fd0-d051-b517-00fd-80ac6597092f}"
EndProject
Global
	GlobalSection(SolutionConfigurationPlatforms) = preSolution
		Debug|Any CPU = Debug|Any CPU
	EndGlobalSection
	GlobalSection(ProjectConfigurationPlatforms) = postSolution
		{257b0372-9fcc-9251-19f3-de032fe7148b}.Debug|Any CPU.ActiveCfg = Debug|Any CPU
		{257b0372-9fcc-9251-19f3-de032fe7148b}.Debug|Any CPU.Build.0 = Debug|Any CPU
		{5c913121-569d-edcb-e181-51dc5f731111}.Debug|Any CPU.ActiveCfg = Debug|Any CPU
		{5c913121-569d-edcb-e181-51dc5f731111}.Debug|Any CPU.Build.0 = Debug|Any CPU
		{bd7e2019-1d16-babb-eeaf-34a08ffe722b}.Debug|Any CPU.ActiveCfg = Debug|Any CPU
		{bd7e2019-1d16-babb-eeaf-34a08ffe722b}.Debug|Any CPU.Build.0 = Debug|Any CPU
		{91e60a6b-ae89-38a9-7b84-85e26611d0c4}.Debug|Any CPU.ActiveCfg = Debug|Any CPU
		{91e60a6b-ae89-38a9-7b84-85e26611d0c4}.Debug|Any CPU.Build.0 = Debug|Any CPU
		{c42475ed-acd0-02d7-532c-d77030645e21}.Debug|Any CPU.ActiveCfg = Debug|Any CPU
		{c42475ed-acd0-02d7-532c-d77030645e21}.Debug|Any CPU.Build.0 = Debug|Any CPU
		{d0469639-8f5e-2040-53f7-1c9e45f5d8c3}.Debug|Any CPU.ActiveCfg = Debug|Any CPU
		{d0469639-8f5e-2040-53f7-1c9e45f5d8c3}.Debug|Any CPU.Build.0 = Debug|Any CPU
		{db7e8fd0-d051-b517-00fd-80ac6597092f}.Debug|Any CPU.ActiveCfg = Debug|Any CPU
		{db7e8fd0-d051-b517-00fd-80ac6597092f}.Debug|Any CPU.Build.0 = Debug|Any CPU
	EndGlobalSection
	GlobalSection(SolutionProperties) = preSolution
		HideSolutionNode = FALSE
	EndGlobalSection
EndGlobal
